// !$*UTF8*$!
{
	archiveVersion = 1;
	classes = {
	};
	objectVersion = 46;
	objects = {

/* Begin PBXBuildFile section */
		1C82A0271F1615BA00EEDBB5 /* FLACiOSCPP.m in Sources */ = {isa = PBXBuildFile; fileRef = 1C82A0261F1615BA00EEDBB5 /* FLACiOSCPP.m */; };
		1C82A0281F1615BA00EEDBB5 /* FLACiOSCPP.h in CopyFiles */ = {isa = PBXBuildFile; fileRef = 1C82A0251F1615BA00EEDBB5 /* FLACiOSCPP.h */; };
/* End PBXBuildFile section */

/* Begin PBXCopyFilesBuildPhase section */
		1C82A0201F1615BA00EEDBB5 /* CopyFiles */ = {
			isa = PBXCopyFilesBuildPhase;
			buildActionMask = 2147483647;
			dstPath = "include/$(PRODUCT_NAME)";
			dstSubfolderSpec = 16;
			files = (
				1C82A0281F1615BA00EEDBB5 /* FLACiOSCPP.h in CopyFiles */,
			);
			runOnlyForDeploymentPostprocessing = 0;
		};
/* End PBXCopyFilesBuildPhase section */

/* Begin PBXFileReference section */
		1C82A0221F1615BA00EEDBB5 /* libFLACiOSCPP.a */ = {isa = PBXFileReference; explicitFileType = archive.ar; includeInIndex = 0; path = libFLACiOSCPP.a; sourceTree = BUILT_PRODUCTS_DIR; };
		1C82A0251F1615BA00EEDBB5 /* FLACiOSCPP.h */ = {isa = PBXFileReference; lastKnownFileType = sourcecode.c.h; path = FLACiOSCPP.h; sourceTree = "<group>"; };
		1C82A0261F1615BA00EEDBB5 /* FLACiOSCPP.m */ = {isa = PBXFileReference; lastKnownFileType = sourcecode.c.objc; path = FLACiOSCPP.m; sourceTree = "<group>"; };
/* End PBXFileReference section */

/* Begin PBXFrameworksBuildPhase section */
		1C82A01F1F1615BA00EEDBB5 /* Frameworks */ = {
			isa = PBXFrameworksBuildPhase;
			buildActionMask = 2147483647;
			files = (
			);
			runOnlyForDeploymentPostprocessing = 0;
		};
/* End PBXFrameworksBuildPhase section */

/* Begin PBXGroup section */
		1C82A0191F1615BA00EEDBB5 = {
			isa = PBXGroup;
			children = (
				1C82A0241F1615BA00EEDBB5 /* FLACiOSCPP */,
				1C82A0231F1615BA00EEDBB5 /* Products */,
			);
			sourceTree = "<group>";
		};
		1C82A0231F1615BA00EEDBB5 /* Products */ = {
			isa = PBXGroup;
			children = (
				1C82A0221F1615BA00EEDBB5 /* libFLACiOSCPP.a */,
			);
			name = Products;
			sourceTree = "<group>";
		};
		1C82A0241F1615BA00EEDBB5 /* FLACiOSCPP */ = {
			isa = PBXGroup;
			children = (
				1C82A0251F1615BA00EEDBB5 /* FLACiOSCPP.h */,
				1C82A0261F1615BA00EEDBB5 /* FLACiOSCPP.m */,
			);
			path = FLACiOSCPP;
			sourceTree = "<group>";
		};
/* End PBXGroup section */

/* Begin PBXNativeTarget section */
		1C82A0211F1615BA00EEDBB5 /* FLACiOSCPP */ = {
			isa = PBXNativeTarget;
			buildConfigurationList = 1C82A02B1F1615BA00EEDBB5 /* Build configuration list for PBXNativeTarget "FLACiOSCPP" */;
			buildPhases = (
				1C82A01E1F1615BA00EEDBB5 /* Sources */,
				1C82A01F1F1615BA00EEDBB5 /* Frameworks */,
				1C82A0201F1615BA00EEDBB5 /* CopyFiles */,
			);
			buildRules = (
			);
			dependencies = (
			);
			name = FLACiOSCPP;
			productName = FLACiOSCPP;
			productReference = 1C82A0221F1615BA00EEDBB5 /* libFLACiOSCPP.a */;
			productType = "com.apple.product-type.library.static";
		};
/* End PBXNativeTarget section */

/* Begin PBXProject section */
		1C82A01A1F1615BA00EEDBB5 /* Project object */ = {
			isa = PBXProject;
			attributes = {
				LastUpgradeCheck = 0830;
				TargetAttributes = {
					1C82A0211F1615BA00EEDBB5 = {
						CreatedOnToolsVersion = 8.3.2;
						DevelopmentTeam = HUQV62VUN8;
						ProvisioningStyle = Automatic;
					};
				};
			};
			buildConfigurationList = 1C82A01D1F1615BA00EEDBB5 /* Build configuration list for PBXProject "FLACiOSCPP" */;
			compatibilityVersion = "Xcode 3.2";
			developmentRegion = English;
			hasScannedForEncodings = 0;
			knownRegions = (
				en,
			);
			mainGroup = 1C82A0191F1615BA00EEDBB5;
			productRefGroup = 1C82A0231F1615BA00EEDBB5 /* Products */;
			projectDirPath = "";
			projectRoot = "";
			targets = (
				1C82A0211F1615BA00EEDBB5 /* FLACiOSCPP */,
			);
		};
/* End PBXProject section */

/* Begin PBXSourcesBuildPhase section */
		1C82A01E1F1615BA00EEDBB5 /* Sources */ = {
			isa = PBXSourcesBuildPhase;
			buildActionMask = 2147483647;
			files = (
				1C82A0271F1615BA00EEDBB5 /* FLACiOSCPP.m in Sources */,
			);
			runOnlyForDeploymentPostprocessing = 0;
		};
/* End PBXSourcesBuildPhase section */

/* Begin XCBuildConfiguration section */
		1C82A0291F1615BA00EEDBB5 /* Debug */ = {
			isa = XCBuildConfiguration;
			buildSettings = {
				ALWAYS_SEARCH_USER_PATHS = NO;
				CLANG_ANALYZER_NONNULL = YES;
				CLANG_ANALYZER_NUMBER_OBJECT_CONVERSION = YES_AGGRESSIVE;
				CLANG_CXX_LANGUAGE_STANDARD = "gnu++0x";
				CLANG_CXX_LIBRARY = "libc++";
				CLANG_ENABLE_MODULES = YES;
				CLANG_ENABLE_OBJC_ARC = YES;
				CLANG_WARN_BOOL_CONVERSION = YES;
				CLANG_WARN_CONSTANT_CONVERSION = YES;
				CLANG_WARN_DIRECT_OBJC_ISA_USAGE = YES_ERROR;
				CLANG_WARN_DOCUMENTATION_COMMENTS = YES;
				CLANG_WARN_EMPTY_BODY = YES;
				CLANG_WARN_ENUM_CONVERSION = YES;
				CLANG_WARN_INFINITE_RECURSION = YES;
				CLANG_WARN_INT_CONVERSION = YES;
				CLANG_WARN_OBJC_ROOT_CLASS = YES_ERROR;
				CLANG_WARN_SUSPICIOUS_MOVE = YES;
				CLANG_WARN_UNREACHABLE_CODE = YES;
				CLANG_WARN__DUPLICATE_METHOD_MATCH = YES;
				"CODE_SIGN_IDENTITY[sdk=iphoneos*]" = "iPhone Developer";
				COPY_PHASE_STRIP = NO;
				DEBUG_INFORMATION_FORMAT = dwarf;
				ENABLE_STRICT_OBJC_MSGSEND = YES;
				ENABLE_TESTABILITY = YES;
				GCC_C_LANGUAGE_STANDARD = gnu99;
				GCC_DYNAMIC_NO_PIC = NO;
				GCC_NO_COMMON_BLOCKS = YES;
				GCC_OPTIMIZATION_LEVEL = 0;
				GCC_PREPROCESSOR_DEFINITIONS = (
					"DEBUG=1",
					"$(inherited)",
				);
				GCC_WARN_64_TO_32_BIT_CONVERSION = YES;
				GCC_WARN_ABOUT_RETURN_TYPE = YES_ERROR;
				GCC_WARN_UNDECLARED_SELECTOR = YES;
				GCC_WARN_UNINITIALIZED_AUTOS = YES_AGGRESSIVE;
				GCC_WARN_UNUSED_FUNCTION = YES;
				GCC_WARN_UNUSED_VARIABLE = YES;
				IPHONEOS_DEPLOYMENT_TARGET = 10.3;
				MTL_ENABLE_DEBUG_INFO = YES;
				ONLY_ACTIVE_ARCH = YES;
				SDKROOT = iphoneos;
			};
			name = Debug;
		};
		1C82A02A1F1615BA00EEDBB5 /* Release */ = {
			isa = XCBuildConfiguration;
			buildSettings = {
				ALWAYS_SEARCH_USER_PATHS = NO;
				CLANG_ANALYZER_NONNULL = YES;
				CLANG_ANALYZER_NUMBER_OBJECT_CONVERSION = YES_AGGRESSIVE;
				CLANG_CXX_LANGUAGE_STANDARD = "gnu++0x";
				CLANG_CXX_LIBRARY = "libc++";
				CLANG_ENABLE_MODULES = YES;
				CLANG_ENABLE_OBJC_ARC = YES;
				CLANG_WARN_BOOL_CONVERSION = YES;
				CLANG_WARN_CONSTANT_CONVERSION = YES;
				CLANG_WARN_DIRECT_OBJC_ISA_USAGE = YES_ERROR;
				CLANG_WARN_DOCUMENTATION_COMMENTS = YES;
				CLANG_WARN_EMPTY_BODY = YES;
				CLANG_WARN_ENUM_CONVERSION = YES;
				CLANG_WARN_INFINITE_RECURSION = YES;
				CLANG_WARN_INT_CONVERSION = YES;
				CLANG_WARN_OBJC_ROOT_CLASS = YES_ERROR;
				CLANG_WARN_SUSPICIOUS_MOVE = YES;
				CLANG_WARN_UNREACHABLE_CODE = YES;
				CLANG_WARN__DUPLICATE_METHOD_MATCH = YES;
				"CODE_SIGN_IDENTITY[sdk=iphoneos*]" = "iPhone Developer";
				COPY_PHASE_STRIP = NO;
				DEBUG_INFORMATION_FORMAT = "dwarf-with-dsym";
				ENABLE_NS_ASSERTIONS = NO;
				ENABLE_STRICT_OBJC_MSGSEND = YES;
				GCC_C_LANGUAGE_STANDARD = gnu99;
				GCC_NO_COMMON_BLOCKS = YES;
				GCC_WARN_64_TO_32_BIT_CONVERSION = YES;
				GCC_WARN_ABOUT_RETURN_TYPE = YES_ERROR;
				GCC_WARN_UNDECLARED_SELECTOR = YES;
				GCC_WARN_UNINITIALIZED_AUTOS = YES_AGGRESSIVE;
				GCC_WARN_UNUSED_FUNCTION = YES;
				GCC_WARN_UNUSED_VARIABLE = YES;
				IPHONEOS_DEPLOYMENT_TARGET = 10.3;
				MTL_ENABLE_DEBUG_INFO = NO;
				SDKROOT = iphoneos;
				VALIDATE_PRODUCT = YES;
			};
			name = Release;
		};
		1C82A02C1F1615BA00EEDBB5 /* Debug */ = {
			isa = XCBuildConfiguration;
			buildSettings = {
				DEVELOPMENT_TEAM = HUQV62VUN8;
				OTHER_LDFLAGS = "-ObjC";
				PRODUCT_NAME = "$(TARGET_NAME)";
				SKIP_INSTALL = YES;
			};
			name = Debug;
		};
		1C82A02D1F1615BA00EEDBB5 /* Release */ = {
			isa = XCBuildConfiguration;
			buildSettings = {
				DEVELOPMENT_TEAM = HUQV62VUN8;
				OTHER_LDFLAGS = "-ObjC";
				PRODUCT_NAME = "$(TARGET_NAME)";
				SKIP_INSTALL = YES;
			};
			name = Release;
		};
/* End XCBuildConfiguration section */

/* Begin XCConfigurationList section */
		1C82A01D1F1615BA00EEDBB5 /* Build configuration list for PBXProject "FLACiOSCPP" */ = {
			isa = XCConfigurationList;
			buildConfigurations = (
				1C82A0291F1615BA00EEDBB5 /* Debug */,
				1C82A02A1F1615BA00EEDBB5 /* Release */,
			);
			defaultConfigurationIsVisible = 0;
			defaultConfigurationName = Release;
		};
		1C82A02B1F1615BA00EEDBB5 /* Build configuration list for PBXNativeTarget "FLACiOSCPP" */ = {
			isa = XCConfigurationList;
			buildConfigurations = (
				1C82A02C1F1615BA00EEDBB5 /* Debug */,
				1C82A02D1F1615BA00EEDBB5 /* Release */,
			);
			defaultConfigurationIsVisible = 0;
		};
/* End XCConfigurationList section */
	};
	rootObject = 1C82A01A1F1615BA00EEDBB5 /* Project object */;
}
